
Microsoft Visual Studio Solution File, Format Version 12.00
# Visual Studio Version 17
VisualStudioVersion = 17.12.35527.113
MinimumVisualStudioVersion = 10.0.40219.1
Project("{FAE04EC0-301F-11D3-BF4B-00C04F79EFBC}") = "Funciones", "Funciones\Funciones.csproj", "{7A626275-1851-4BCE-950E-73232C1BD4AD}"
EndProject
Project("{FAE04EC0-301F-11D3-BF4B-00C04F79EFBC}") = "SentenciaIfElse", "SentenciaIfElse\SentenciaIfElse.csproj", "{D77FE423-CD2E-4CB5-B37A-A039C5E87AE7}"
EndProject
Project("{FAE04EC0-301F-11D3-BF4B-00C04F79EFBC}") = "SentenciaSwitchCase", "SentenciaSwitchCase\SentenciaSwitchCase.csproj", "{0A76BB32-3B50-4874-AAA3-37DE885EB4E7}"
EndProject
Project("{FAE04EC0-301F-11D3-BF4B-00C04F79EFBC}") = "Array", "Array\Array.csproj", "{80FE10C4-AA89-4CD4-8D8F-F524D08D3B11}"
EndProject
Project("{FAE04EC0-301F-11D3-BF4B-00C04F79EFBC}") = "While", "While\While.csproj", "{C15D28A9-A0FD-4392-80C2-B9B5F2973BFA}"
EndProject
Project("{FAE04EC0-301F-11D3-BF4B-00C04F79EFBC}") = "For", "For\For.csproj", "{A7AE1386-ED7E-40D6-B756-1679B1F760A9}"
EndProject
Global
	GlobalSection(SolutionConfigurationPlatforms) = preSolution
		Debug|Any CPU = Debug|Any CPU
		Release|Any CPU = Release|Any CPU
	EndGlobalSection
	GlobalSection(ProjectConfigurationPlatforms) = postSolution
		{7A626275-1851-4BCE-950E-73232C1BD4AD}.Debug|Any CPU.ActiveCfg = Debug|Any CPU
		{7A626275-1851-4BCE-950E-73232C1BD4AD}.Debug|Any CPU.Build.0 = Debug|Any CPU
		{7A626275-1851-4BCE-950E-73232C1BD4AD}.Release|Any CPU.ActiveCfg = Release|Any CPU
		{7A626275-1851-4BCE-950E-73232C1BD4AD}.Release|Any CPU.Build.0 = Release|Any CPU
		{D77FE423-CD2E-4CB5-B37A-A039C5E87AE7}.Debug|Any CPU.ActiveCfg = Debug|Any CPU
		{D77FE423-CD2E-4CB5-B37A-A039C5E87AE7}.Debug|Any CPU.Build.0 = Debug|Any CPU
		{D77FE423-CD2E-4CB5-B37A-A039C5E87AE7}.Release|Any CPU.ActiveCfg = Release|Any CPU
		{D77FE423-CD2E-4CB5-B37A-A039C5E87AE7}.Release|Any CPU.Build.0 = Release|Any CPU
		{0A76BB32-3B50-4874-AAA3-37DE885EB4E7}.Debug|Any CPU.ActiveCfg = Debug|Any CPU
		{0A76BB32-3B50-4874-AAA3-37DE885EB4E7}.Debug|Any CPU.Build.0 = Debug|Any CPU
		{0A76BB32-3B50-4874-AAA3-37DE885EB4E7}.Release|Any CPU.ActiveCfg = Release|Any CPU
		{0A76BB32-3B50-4874-AAA3-37DE885EB4E7}.Release|Any CPU.Build.0 = Release|Any CPU
		{80FE10C4-AA89-4CD4-8D8F-F524D08D3B11}.Debug|Any CPU.ActiveCfg = Debug|Any CPU
		{80FE10C4-AA89-4CD4-8D8F-F524D08D3B11}.Debug|Any CPU.Build.0 = Debug|Any CPU
		{80FE10C4-AA89-4CD4-8D8F-F524D08D3B11}.Release|Any CPU.ActiveCfg = Release|Any CPU
		{80FE10C4-AA89-4CD4-8D8F-F524D08D3B11}.Release|Any CPU.Build.0 = Release|Any CPU
		{C15D28A9-A0FD-4392-80C2-B9B5F2973BFA}.Debug|Any CPU.ActiveCfg = Debug|Any CPU
		{C15D28A9-A0FD-4392-80C2-B9B5F2973BFA}.Debug|Any CPU.Build.0 = Debug|Any CPU
		{C15D28A9-A0FD-4392-80C2-B9B5F2973BFA}.Release|Any CPU.ActiveCfg = Release|Any CPU
		{C15D28A9-A0FD-4392-80C2-B9B5F2973BFA}.Release|Any CPU.Build.0 = Release|Any CPU
		{A7AE1386-ED7E-40D6-B756-1679B1F760A9}.Debug|Any CPU.ActiveCfg = Debug|Any CPU
		{A7AE1386-ED7E-40D6-B756-1679B1F760A9}.Debug|Any CPU.Build.0 = Debug|Any CPU
		{A7AE1386-ED7E-40D6-B756-1679B1F760A9}.Release|Any CPU.ActiveCfg = Release|Any CPU
		{A7AE1386-ED7E-40D6-B756-1679B1F760A9}.Release|Any CPU.Build.0 = Release|Any CPU
	EndGlobalSection
	GlobalSection(SolutionProperties) = preSolution
		HideSolutionNode = FALSE
	EndGlobalSection
	GlobalSection(ExtensibilityGlobals) = postSolution
		SolutionGuid = {59BC3A5B-EA3C-461E-AB60-1643C2D86251}
	EndGlobalSection
EndGlobal
